
Microsoft Visual Studio Solution File, Format Version 12.00
# Visual Studio Version 16
VisualStudioVersion = 16.0.29418.71
MinimumVisualStudioVersion = 10.0.40219.1
Project("{FAE04EC0-301F-11D3-BF4B-00C04F79EFBC}") = "AppSchool", "AppSchool\AppSchool.csproj", "{56205CEF-9661-4C7F-BC03-11E3040D3806}"
EndProject
Global
	GlobalSection(SolutionConfigurationPlatforms) = preSolution
		Debug|Any CPU = Debug|Any CPU
		Release|Any CPU = Release|Any CPU
	EndGlobalSection
	GlobalSection(ProjectConfigurationPlatforms) = postSolution
		{56205CEF-9661-4C7F-BC03-11E3040D3806}.Debug|Any CPU.ActiveCfg = Debug|Any CPU
		{56205CEF-9661-4C7F-BC03-11E3040D3806}.Debug|Any CPU.Build.0 = Debug|Any CPU
		{56205CEF-9661-4C7F-BC03-11E3040D3806}.Release|Any CPU.ActiveCfg = Release|Any CPU
		{56205CEF-9661-4C7F-BC03-11E3040D3806}.Release|Any CPU.Build.0 = Release|Any CPU
	EndGlobalSection
	GlobalSection(SolutionProperties) = preSolution
		HideSolutionNode = FALSE
	EndGlobalSection
	GlobalSection(ExtensibilityGlobals) = postSolution
		SolutionGuid = {8737A473-CC84-44B3-BB68-A7DFAF85569D}
	EndGlobalSection
EndGlobal
